
Microsoft Visual Studio Solution File, Format Version 12.00
# Visual Studio 15
VisualStudioVersion = 15.0.26730.15
MinimumVisualStudioVersion = 10.0.40219.1
Project("{2150E333-8FDC-42A3-9474-1A3956D46DE8}") = "01 kintamieji", "01 kintamieji", "{173C82F6-94A7-4203-A163-872C09ACE128}"
EndProject
Project("{2150E333-8FDC-42A3-9474-1A3956D46DE8}") = "02 isvedimas", "02 isvedimas", "{60ED376C-EF1A-460D-A04E-E2D307FF49FE}"
EndProject
Project("{2150E333-8FDC-42A3-9474-1A3956D46DE8}") = "03 aritmetiniai veiksmai", "03 aritmetiniai veiksmai", "{B9E1A76F-C822-45A3-9F9A-8A61FD62BC29}"
EndProject
Project("{2150E333-8FDC-42A3-9474-1A3956D46DE8}") = "04 ivedimas", "04 ivedimas", "{3E1ECB4C-8773-4CAA-9B81-5A0F81B70AD7}"
EndProject
Project("{FAE04EC0-301F-11D3-BF4B-00C04F79EFBC}") = "1-1 uzduotis", "ConsoleApp1\1-1 uzduotis.csproj", "{FEAEE086-7F6C-46B6-9FCB-F0ED62917EF3}"
EndProject
Project("{FAE04EC0-301F-11D3-BF4B-00C04F79EFBC}") = "Vardas Mano", "Vardas Mano\Vardas Mano.csproj", "{BD7B21ED-1ACD-48F6-A541-467E20AD0E41}"
EndProject
Project("{FAE04EC0-301F-11D3-BF4B-00C04F79EFBC}") = "Amzius", "Amzius\Amzius.csproj", "{E6EFEBC1-B4FD-4F36-8191-294F0182ED15}"
EndProject
Project("{FAE04EC0-301F-11D3-BF4B-00C04F79EFBC}") = "Skaiciukai", "Skaiciukai\Skaiciukai.csproj", "{D1572A8D-00E4-4104-982B-58222C3DB801}"
EndProject
Project("{FAE04EC0-301F-11D3-BF4B-00C04F79EFBC}") = "Skaiciai2", "Skaiciai2\Skaiciai2.csproj", "{10D691B8-1BE3-4D6C-BC86-0E09B50FEDCE}"
EndProject
Project("{FAE04EC0-301F-11D3-BF4B-00C04F79EFBC}") = "Aritmetika", "Aritmetika\Aritmetika.csproj", "{0826E2A6-9D35-4D9F-8DD2-698C2E4C4B69}"
EndProject
Project("{FAE04EC0-301F-11D3-BF4B-00C04F79EFBC}") = "02", "02\02.csproj", "{9B0BC723-50B3-483C-BBE3-5E0D2764CDED}"
EndProject
Project("{FAE04EC0-301F-11D3-BF4B-00C04F79EFBC}") = "03", "03\03.csproj", "{B2FCFA47-3E3E-4531-ACF6-2EC7579C1611}"
EndProject
Project("{FAE04EC0-301F-11D3-BF4B-00C04F79EFBC}") = "04", "04\04.csproj", "{2F2F1310-18B7-4213-B72D-171222AC6B4E}"
EndProject
Project("{FAE04EC0-301F-11D3-BF4B-00C04F79EFBC}") = "05", "05\05.csproj", "{1FCB22FA-332F-4CA2-8515-4E06056B8A07}"
EndProject
Project("{FAE04EC0-301F-11D3-BF4B-00C04F79EFBC}") = "06", "06\06.csproj", "{B6D06BB2-F873-4BF5-9387-48CF49ACF87A}"
EndProject
Project("{FAE04EC0-301F-11D3-BF4B-00C04F79EFBC}") = "testbench", "testbench\testbench.csproj", "{EAD5CCED-507D-4B91-9BD0-375E1B780C70}"
EndProject
Project("{FAE04EC0-301F-11D3-BF4B-00C04F79EFBC}") = "01", "01\01.csproj", "{0E612CE5-40E5-451C-95EA-516A2B6FA954}"
EndProject
Project("{FAE04EC0-301F-11D3-BF4B-00C04F79EFBC}") = "022", "022\022.csproj", "{F8F5D034-8F6F-4B8B-9135-C4C5B086B03D}"
EndProject
Project("{FAE04EC0-301F-11D3-BF4B-00C04F79EFBC}") = "3", "3\3.csproj", "{624FBFC6-4D4E-4EF3-8C08-5F2E42C9375A}"
EndProject
Project("{FAE04EC0-301F-11D3-BF4B-00C04F79EFBC}") = "4", "4\4.csproj", "{D0470B03-CB40-4B71-85B2-E8D2F23C7610}"
EndProject
Project("{FAE04EC0-301F-11D3-BF4B-00C04F79EFBC}") = "5", "5\5.csproj", "{86B40CDE-89C0-4B40-AE9B-95B192B53C5B}"
EndProject
Project("{FAE04EC0-301F-11D3-BF4B-00C04F79EFBC}") = "6", "6\6.csproj", "{764C10FA-D344-4A9F-93FF-8D1C8193932B}"
EndProject
Project("{FAE04EC0-301F-11D3-BF4B-00C04F79EFBC}") = "7", "7\7.csproj", "{B0D27F39-883D-4E0E-AE01-A2AB737CACC9}"
EndProject
Project("{2150E333-8FDC-42A3-9474-1A3956D46DE8}") = "05 IF'ai", "05 IF'ai", "{54ED3781-4947-49F1-90BB-73A7E9A7DE13}"
EndProject
Project("{FAE04EC0-301F-11D3-BF4B-00C04F79EFBC}") = "uzduotis 1", "uzduotis 1\uzduotis 1.csproj", "{41F2C52B-4014-4B32-BFDC-0240AEFF7464}"
EndProject
Project("{FAE04EC0-301F-11D3-BF4B-00C04F79EFBC}") = "Uzduotis 2", "Uzduotis 2\Uzduotis 2.csproj", "{58466390-A6CB-4181-A77A-5804F0D005E2}"
EndProject
Project("{FAE04EC0-301F-11D3-BF4B-00C04F79EFBC}") = "Uzduotis 3", "Uzduotis 3\Uzduotis 3.csproj", "{C6ED09F1-7F27-458B-9626-5601880EAF00}"
EndProject
Project("{FAE04EC0-301F-11D3-BF4B-00C04F79EFBC}") = "Uzduotis 4", "Uzduotis 4\Uzduotis 4.csproj", "{362AB131-17BC-40C3-ACC4-E0D4FEACDA8E}"
EndProject
Project("{2150E333-8FDC-42A3-9474-1A3956D46DE8}") = "06 ElseIf'ai", "06 ElseIf'ai", "{76F58B97-B94E-4DB7-A562-337E510F78E2}"
EndProject
Project("{FAE04EC0-301F-11D3-BF4B-00C04F79EFBC}") = "antra uzduotis", "antra uzduotis\antra uzduotis.csproj", "{94F61351-7257-47F8-A2D1-D0B6BADF6E9A}"
EndProject
Project("{FAE04EC0-301F-11D3-BF4B-00C04F79EFBC}") = "trecia uzduotis", "trecia uzduotis\trecia uzduotis.csproj", "{9608073A-EE85-4935-AEA9-9745EB303F5F}"
EndProject
Project("{2150E333-8FDC-42A3-9474-1A3956D46DE8}") = "07 Else'ai", "07 Else'ai", "{793E9E71-BF7E-49EF-9DC8-B50DC6A82BC0}"
EndProject
Project("{FAE04EC0-301F-11D3-BF4B-00C04F79EFBC}") = "01 else", "01 else\01 else.csproj", "{216AB5DE-D1DF-4CDF-9DE1-65E84572AE45}"
EndProject
Project("{FAE04EC0-301F-11D3-BF4B-00C04F79EFBC}") = "02 else", "02 else\02 else.csproj", "{7E6E05B7-2370-4B68-A62B-AF561CBAD507}"
EndProject
Project("{2150E333-8FDC-42A3-9474-1A3956D46DE8}") = "08 IF operatoriai", "08 IF operatoriai", "{F207F20C-C628-4DFE-BCBA-F4BAFC159BB8}"
EndProject
Project("{FAE04EC0-301F-11D3-BF4B-00C04F79EFBC}") = "01IF", "01IF\01IF.csproj", "{116D5AFD-3E00-4FD6-8792-6983017649C2}"
EndProject
Project("{FAE04EC0-301F-11D3-BF4B-00C04F79EFBC}") = "Egzaminas", "Egzaminas\Egzaminas.csproj", "{BED91D67-1AD5-4E5B-8DA0-F6CD6D42BEC2}"
EndProject
Project("{FAE04EC0-301F-11D3-BF4B-00C04F79EFBC}") = "04 ifai", "04 ifai\04 ifai.csproj", "{34BB9427-B3F4-4BE6-8277-E7AF102C2B6E}"
EndProject
Project("{2150E333-8FDC-42A3-9474-1A3956D46DE8}") = "Switch'ai", "Switch'ai", "{18D138EF-F601-44D7-B91C-D7A9C16AA6FE}"
EndProject
Project("{FAE04EC0-301F-11D3-BF4B-00C04F79EFBC}") = "ConsoleApp2", "ConsoleApp2\ConsoleApp2.csproj", "{C9DB9791-4970-4302-A7A2-AA23D8B43618}"
EndProject
Project("{FAE04EC0-301F-11D3-BF4B-00C04F79EFBC}") = "Suo", "Suo\Suo.csproj", "{813CD57A-7B59-4FDA-81A4-69AF8C1CFA93}"
EndProject
Project("{FAE04EC0-301F-11D3-BF4B-00C04F79EFBC}") = "DefaultSwitch", "DefaultSwitch\DefaultSwitch.csproj", "{FE02607D-5B91-408B-BB83-92D1488F09F7}"
EndProject
Project("{FAE04EC0-301F-11D3-BF4B-00C04F79EFBC}") = "kepykla", "kepykla\kepykla.csproj", "{150022D2-1BFD-4DA9-8AE9-A9A880D8B19E}"
EndProject
Project("{2150E333-8FDC-42A3-9474-1A3956D46DE8}") = "For", "For", "{FC7D4A6D-8BF7-4FA2-BE8A-F5438C9E2473}"
EndProject
Project("{FAE04EC0-301F-11D3-BF4B-00C04F79EFBC}") = "01For", "01For\01For.csproj", "{1F2BF100-7701-47E9-A0D8-1AEBB32FC756}"
EndProject
Project("{FAE04EC0-301F-11D3-BF4B-00C04F79EFBC}") = "05For", "05For\05For.csproj", "{72FD21B1-00F0-4235-B7EB-437ADF601AB3}"
EndProject
Project("{FAE04EC0-301F-11D3-BF4B-00C04F79EFBC}") = "06For", "06For\06For.csproj", "{CCFE43BE-8747-4705-BB5D-A9B5B47297C3}"
EndProject
Project("{FAE04EC0-301F-11D3-BF4B-00C04F79EFBC}") = "07For", "07For\07For.csproj", "{6A626962-EDB1-45C9-B03F-726A0E933258}"
EndProject
Project("{FAE04EC0-301F-11D3-BF4B-00C04F79EFBC}") = "12For", "12For\12For.csproj", "{90E0D671-4A55-4DBA-BDCB-FFC83425CFA3}"
EndProject
Project("{2150E333-8FDC-42A3-9474-1A3956D46DE8}") = "Papildomi", "Papildomi", "{4604932B-44D8-44A4-83EE-AF4CFAD23C7C}"
EndProject
Project("{FAE04EC0-301F-11D3-BF4B-00C04F79EFBC}") = "0_1", "0_1\0_1.csproj", "{B4574F42-4779-4D6F-9E21-A6A3CDFC6709}"
EndProject
Project("{2150E333-8FDC-42A3-9474-1A3956D46DE8}") = "10While", "10While", "{FCD58345-2D76-4BDE-8EC9-2767100C5049}"
EndProject
Project("{FAE04EC0-301F-11D3-BF4B-00C04F79EFBC}") = "01While", "01While\01While.csproj", "{6C782282-ECCD-4B4E-AD79-57FE7C5C2F42}"
EndProject
Project("{FAE04EC0-301F-11D3-BF4B-00C04F79EFBC}") = "03While", "03While\03While.csproj", "{4979B2FB-D7E6-4F11-976F-D8068EE175ED}"
EndProject
Project("{FAE04EC0-301F-11D3-BF4B-00C04F79EFBC}") = "04While]", "04While]\04While].csproj", "{3867C73E-E8BA-41EB-8EFC-EE0C09F8DE57}"
EndProject
Project("{FAE04EC0-301F-11D3-BF4B-00C04F79EFBC}") = "06spelioti", "06spelioti\06spelioti.csproj", "{96FAB9F7-16F8-4EF3-AED2-1920D08AAB8D}"
EndProject
Project("{2150E333-8FDC-42A3-9474-1A3956D46DE8}") = "11Do", "11Do", "{74142DD4-016C-436C-9FD3-9E5DDA986B52}"
EndProject
Project("{FAE04EC0-301F-11D3-BF4B-00C04F79EFBC}") = "01DoWhile", "01DoWhile\01DoWhile.csproj", "{B965B588-3F3D-4725-92BC-F0BA4577E29F}"
EndProject
Project("{FAE04EC0-301F-11D3-BF4B-00C04F79EFBC}") = "Papildomadowhile", "Papildomadowhile\Papildomadowhile.csproj", "{A22B3A1B-EAF2-493F-A893-F8578822140A}"
EndProject
Project("{2150E333-8FDC-42A3-9474-1A3956D46DE8}") = "Masyvai", "Masyvai", "{A4244AE8-085E-4B86-8DD1-9C2501CF63E8}"
EndProject
Project("{FAE04EC0-301F-11D3-BF4B-00C04F79EFBC}") = "01Masyvai", "01Masyvai\01Masyvai.csproj", "{F6B31147-9B33-45B3-A468-CB104945DBD9}"
EndProject
Project("{FAE04EC0-301F-11D3-BF4B-00C04F79EFBC}") = "02Msyvai", "02Msyvai\02Msyvai.csproj", "{B6CAF769-7460-41DD-AA59-BC0D22DE88D2}"
EndProject
Project("{FAE04EC0-301F-11D3-BF4B-00C04F79EFBC}") = "03Masyvai", "03Masyvai\03Masyvai.csproj", "{5C92F674-F11F-42AE-9D5D-263D6006A694}"
EndProject
Project("{FAE04EC0-301F-11D3-BF4B-00C04F79EFBC}") = "04Masyvai", "04Masyvai\04Masyvai.csproj", "{3D4ACE4D-C3E4-4A6B-971A-12822FCC6DC5}"
EndProject
Project("{FAE04EC0-301F-11D3-BF4B-00C04F79EFBC}") = "05Masyvai", "05Masyvai\05Masyvai.csproj", "{4F5ACB4C-F113-4EC3-B580-F234BA8586B8}"
EndProject
Project("{2150E333-8FDC-42A3-9474-1A3956D46DE8}") = "sarasai", "sarasai", "{EE982B4C-202A-44FF-B617-9B2A072A921B}"
EndProject
Project("{FAE04EC0-301F-11D3-BF4B-00C04F79EFBC}") = "01sarasai", "01sarasai\01sarasai.csproj", "{A47D9B03-C368-46D5-80A8-8A547A3DD86A}"
EndProject
Project("{FAE04EC0-301F-11D3-BF4B-00C04F79EFBC}") = "02Sarasai", "02Sarasai\02Sarasai.csproj", "{53A2C0FE-DA24-4303-8F7E-51C1B07C408D}"
EndProject
Project("{FAE04EC0-301F-11D3-BF4B-00C04F79EFBC}") = "04Zodziai", "04Zodziai\04Zodziai.csproj", "{206BDF7C-3E26-4074-86DE-F9AA8E21BA42}"
EndProject
Project("{2150E333-8FDC-42A3-9474-1A3956D46DE8}") = "Methods", "Methods", "{5EFEBCC5-3A80-4A71-9883-996D9FC14FCA}"
EndProject
Project("{FAE04EC0-301F-11D3-BF4B-00C04F79EFBC}") = "01Methods", "01Methods\01Methods.csproj", "{B3E02EF0-F689-4D05-8BB2-35671C928CF3}"
EndProject
Project("{FAE04EC0-301F-11D3-BF4B-00C04F79EFBC}") = "02Method", "02Method\02Method.csproj", "{71B36A67-49B3-40EE-927D-00B54D6DED3C}"
EndProject
Project("{FAE04EC0-301F-11D3-BF4B-00C04F79EFBC}") = "01Uzduotis", "01Uzduotis\01Uzduotis.csproj", "{DC037D16-E52F-4D2A-B08A-02D7B55EB059}"
EndProject
Project("{FAE04EC0-301F-11D3-BF4B-00C04F79EFBC}") = "01Papildoma", "01Papildoma\01Papildoma.csproj", "{A0E0C131-A420-4F18-AC83-904A29DB4023}"
EndProject
Project("{FAE04EC0-301F-11D3-BF4B-00C04F79EFBC}") = "06Papildoma", "06Papildoma\06Papildoma.csproj", "{A799A0C5-B16F-4D91-A54E-4B4EF1496598}"
EndProject
Project("{FAE04EC0-301F-11D3-BF4B-00C04F79EFBC}") = "Primilziai", "Primilziai\Primilziai.csproj", "{35E5EA31-9859-4882-BF89-ABA3FAB3CF92}"
EndProject
Project("{2150E333-8FDC-42A3-9474-1A3956D46DE8}") = "Klases", "Klases", "{5D83A9C2-23B2-480B-9624-C75E6B7A9BAA}"
EndProject
Project("{FAE04EC0-301F-11D3-BF4B-00C04F79EFBC}") = "01KlasezPavyzdziai", "01KlasezPavyzdziai\01KlasezPavyzdziai.csproj", "{565E55B8-7353-4D7B-81FF-C89A66B7D694}"
EndProject
Project("{FAE04EC0-301F-11D3-BF4B-00C04F79EFBC}") = "02Masinos", "02Masinos\02Masinos.csproj", "{88A75FDB-25CD-4E92-8FAF-FDC30666235F}"
EndProject
Project("{FAE04EC0-301F-11D3-BF4B-00C04F79EFBC}") = "03Medziai", "03Medziai\03Medziai.csproj", "{4B92FE42-6269-4CB8-96D0-B4CE0896D7FC}"
EndProject
Global
	GlobalSection(SolutionConfigurationPlatforms) = preSolution
		Debug|Any CPU = Debug|Any CPU
		Release|Any CPU = Release|Any CPU
	EndGlobalSection
	GlobalSection(ProjectConfigurationPlatforms) = postSolution
		{FEAEE086-7F6C-46B6-9FCB-F0ED62917EF3}.Debug|Any CPU.ActiveCfg = Debug|Any CPU
		{FEAEE086-7F6C-46B6-9FCB-F0ED62917EF3}.Debug|Any CPU.Build.0 = Debug|Any CPU
		{FEAEE086-7F6C-46B6-9FCB-F0ED62917EF3}.Release|Any CPU.ActiveCfg = Release|Any CPU
		{FEAEE086-7F6C-46B6-9FCB-F0ED62917EF3}.Release|Any CPU.Build.0 = Release|Any CPU
		{BD7B21ED-1ACD-48F6-A541-467E20AD0E41}.Debug|Any CPU.ActiveCfg = Debug|Any CPU
		{BD7B21ED-1ACD-48F6-A541-467E20AD0E41}.Debug|Any CPU.Build.0 = Debug|Any CPU
		{BD7B21ED-1ACD-48F6-A541-467E20AD0E41}.Release|Any CPU.ActiveCfg = Release|Any CPU
		{BD7B21ED-1ACD-48F6-A541-467E20AD0E41}.Release|Any CPU.Build.0 = Release|Any CPU
		{E6EFEBC1-B4FD-4F36-8191-294F0182ED15}.Debug|Any CPU.ActiveCfg = Debug|Any CPU
		{E6EFEBC1-B4FD-4F36-8191-294F0182ED15}.Debug|Any CPU.Build.0 = Debug|Any CPU
		{E6EFEBC1-B4FD-4F36-8191-294F0182ED15}.Release|Any CPU.ActiveCfg = Release|Any CPU
		{E6EFEBC1-B4FD-4F36-8191-294F0182ED15}.Release|Any CPU.Build.0 = Release|Any CPU
		{D1572A8D-00E4-4104-982B-58222C3DB801}.Debug|Any CPU.ActiveCfg = Debug|Any CPU
		{D1572A8D-00E4-4104-982B-58222C3DB801}.Debug|Any CPU.Build.0 = Debug|Any CPU
		{D1572A8D-00E4-4104-982B-58222C3DB801}.Release|Any CPU.ActiveCfg = Release|Any CPU
		{D1572A8D-00E4-4104-982B-58222C3DB801}.Release|Any CPU.Build.0 = Release|Any CPU
		{10D691B8-1BE3-4D6C-BC86-0E09B50FEDCE}.Debug|Any CPU.ActiveCfg = Debug|Any CPU
		{10D691B8-1BE3-4D6C-BC86-0E09B50FEDCE}.Debug|Any CPU.Build.0 = Debug|Any CPU
		{10D691B8-1BE3-4D6C-BC86-0E09B50FEDCE}.Release|Any CPU.ActiveCfg = Release|Any CPU
		{10D691B8-1BE3-4D6C-BC86-0E09B50FEDCE}.Release|Any CPU.Build.0 = Release|Any CPU
		{0826E2A6-9D35-4D9F-8DD2-698C2E4C4B69}.Debug|Any CPU.ActiveCfg = Debug|Any CPU
		{0826E2A6-9D35-4D9F-8DD2-698C2E4C4B69}.Debug|Any CPU.Build.0 = Debug|Any CPU
		{0826E2A6-9D35-4D9F-8DD2-698C2E4C4B69}.Release|Any CPU.ActiveCfg = Release|Any CPU
		{0826E2A6-9D35-4D9F-8DD2-698C2E4C4B69}.Release|Any CPU.Build.0 = Release|Any CPU
		{9B0BC723-50B3-483C-BBE3-5E0D2764CDED}.Debug|Any CPU.ActiveCfg = Debug|Any CPU
		{9B0BC723-50B3-483C-BBE3-5E0D2764CDED}.Debug|Any CPU.Build.0 = Debug|Any CPU
		{9B0BC723-50B3-483C-BBE3-5E0D2764CDED}.Release|Any CPU.ActiveCfg = Release|Any CPU
		{9B0BC723-50B3-483C-BBE3-5E0D2764CDED}.Release|Any CPU.Build.0 = Release|Any CPU
		{B2FCFA47-3E3E-4531-ACF6-2EC7579C1611}.Debug|Any CPU.ActiveCfg = Debug|Any CPU
		{B2FCFA47-3E3E-4531-ACF6-2EC7579C1611}.Debug|Any CPU.Build.0 = Debug|Any CPU
		{B2FCFA47-3E3E-4531-ACF6-2EC7579C1611}.Release|Any CPU.ActiveCfg = Release|Any CPU
		{B2FCFA47-3E3E-4531-ACF6-2EC7579C1611}.Release|Any CPU.Build.0 = Release|Any CPU
		{2F2F1310-18B7-4213-B72D-171222AC6B4E}.Debug|Any CPU.ActiveCfg = Debug|Any CPU
		{2F2F1310-18B7-4213-B72D-171222AC6B4E}.Debug|Any CPU.Build.0 = Debug|Any CPU
		{2F2F1310-18B7-4213-B72D-171222AC6B4E}.Release|Any CPU.ActiveCfg = Release|Any CPU
		{2F2F1310-18B7-4213-B72D-171222AC6B4E}.Release|Any CPU.Build.0 = Release|Any CPU
		{1FCB22FA-332F-4CA2-8515-4E06056B8A07}.Debug|Any CPU.ActiveCfg = Debug|Any CPU
		{1FCB22FA-332F-4CA2-8515-4E06056B8A07}.Debug|Any CPU.Build.0 = Debug|Any CPU
		{1FCB22FA-332F-4CA2-8515-4E06056B8A07}.Release|Any CPU.ActiveCfg = Release|Any CPU
		{1FCB22FA-332F-4CA2-8515-4E06056B8A07}.Release|Any CPU.Build.0 = Release|Any CPU
		{B6D06BB2-F873-4BF5-9387-48CF49ACF87A}.Debug|Any CPU.ActiveCfg = Debug|Any CPU
		{B6D06BB2-F873-4BF5-9387-48CF49ACF87A}.Debug|Any CPU.Build.0 = Debug|Any CPU
		{B6D06BB2-F873-4BF5-9387-48CF49ACF87A}.Release|Any CPU.ActiveCfg = Release|Any CPU
		{B6D06BB2-F873-4BF5-9387-48CF49ACF87A}.Release|Any CPU.Build.0 = Release|Any CPU
		{EAD5CCED-507D-4B91-9BD0-375E1B780C70}.Debug|Any CPU.ActiveCfg = Debug|Any CPU
		{EAD5CCED-507D-4B91-9BD0-375E1B780C70}.Debug|Any CPU.Build.0 = Debug|Any CPU
		{EAD5CCED-507D-4B91-9BD0-375E1B780C70}.Release|Any CPU.ActiveCfg = Release|Any CPU
		{EAD5CCED-507D-4B91-9BD0-375E1B780C70}.Release|Any CPU.Build.0 = Release|Any CPU
		{0E612CE5-40E5-451C-95EA-516A2B6FA954}.Debug|Any CPU.ActiveCfg = Debug|Any CPU
		{0E612CE5-40E5-451C-95EA-516A2B6FA954}.Debug|Any CPU.Build.0 = Debug|Any CPU
		{0E612CE5-40E5-451C-95EA-516A2B6FA954}.Release|Any CPU.ActiveCfg = Release|Any CPU
		{0E612CE5-40E5-451C-95EA-516A2B6FA954}.Release|Any CPU.Build.0 = Release|Any CPU
		{F8F5D034-8F6F-4B8B-9135-C4C5B086B03D}.Debug|Any CPU.ActiveCfg = Debug|Any CPU
		{F8F5D034-8F6F-4B8B-9135-C4C5B086B03D}.Debug|Any CPU.Build.0 = Debug|Any CPU
		{F8F5D034-8F6F-4B8B-9135-C4C5B086B03D}.Release|Any CPU.ActiveCfg = Release|Any CPU
		{F8F5D034-8F6F-4B8B-9135-C4C5B086B03D}.Release|Any CPU.Build.0 = Release|Any CPU
		{624FBFC6-4D4E-4EF3-8C08-5F2E42C9375A}.Debug|Any CPU.ActiveCfg = Debug|Any CPU
		{624FBFC6-4D4E-4EF3-8C08-5F2E42C9375A}.Debug|Any CPU.Build.0 = Debug|Any CPU
		{624FBFC6-4D4E-4EF3-8C08-5F2E42C9375A}.Release|Any CPU.ActiveCfg = Release|Any CPU
		{624FBFC6-4D4E-4EF3-8C08-5F2E42C9375A}.Release|Any CPU.Build.0 = Release|Any CPU
		{D0470B03-CB40-4B71-85B2-E8D2F23C7610}.Debug|Any CPU.ActiveCfg = Debug|Any CPU
		{D0470B03-CB40-4B71-85B2-E8D2F23C7610}.Debug|Any CPU.Build.0 = Debug|Any CPU
		{D0470B03-CB40-4B71-85B2-E8D2F23C7610}.Release|Any CPU.ActiveCfg = Release|Any CPU
		{D0470B03-CB40-4B71-85B2-E8D2F23C7610}.Release|Any CPU.Build.0 = Release|Any CPU
		{86B40CDE-89C0-4B40-AE9B-95B192B53C5B}.Debug|Any CPU.ActiveCfg = Debug|Any CPU
		{86B40CDE-89C0-4B40-AE9B-95B192B53C5B}.Debug|Any CPU.Build.0 = Debug|Any CPU
		{86B40CDE-89C0-4B40-AE9B-95B192B53C5B}.Release|Any CPU.ActiveCfg = Release|Any CPU
		{86B40CDE-89C0-4B40-AE9B-95B192B53C5B}.Release|Any CPU.Build.0 = Release|Any CPU
		{764C10FA-D344-4A9F-93FF-8D1C8193932B}.Debug|Any CPU.ActiveCfg = Debug|Any CPU
		{764C10FA-D344-4A9F-93FF-8D1C8193932B}.Debug|Any CPU.Build.0 = Debug|Any CPU
		{764C10FA-D344-4A9F-93FF-8D1C8193932B}.Release|Any CPU.ActiveCfg = Release|Any CPU
		{764C10FA-D344-4A9F-93FF-8D1C8193932B}.Release|Any CPU.Build.0 = Release|Any CPU
		{B0D27F39-883D-4E0E-AE01-A2AB737CACC9}.Debug|Any CPU.ActiveCfg = Debug|Any CPU
		{B0D27F39-883D-4E0E-AE01-A2AB737CACC9}.Debug|Any CPU.Build.0 = Debug|Any CPU
		{B0D27F39-883D-4E0E-AE01-A2AB737CACC9}.Release|Any CPU.ActiveCfg = Release|Any CPU
		{B0D27F39-883D-4E0E-AE01-A2AB737CACC9}.Release|Any CPU.Build.0 = Release|Any CPU
		{41F2C52B-4014-4B32-BFDC-0240AEFF7464}.Debug|Any CPU.ActiveCfg = Debug|Any CPU
		{41F2C52B-4014-4B32-BFDC-0240AEFF7464}.Debug|Any CPU.Build.0 = Debug|Any CPU
		{41F2C52B-4014-4B32-BFDC-0240AEFF7464}.Release|Any CPU.ActiveCfg = Release|Any CPU
		{41F2C52B-4014-4B32-BFDC-0240AEFF7464}.Release|Any CPU.Build.0 = Release|Any CPU
		{58466390-A6CB-4181-A77A-5804F0D005E2}.Debug|Any CPU.ActiveCfg = Debug|Any CPU
		{58466390-A6CB-4181-A77A-5804F0D005E2}.Debug|Any CPU.Build.0 = Debug|Any CPU
		{58466390-A6CB-4181-A77A-5804F0D005E2}.Release|Any CPU.ActiveCfg = Release|Any CPU
		{58466390-A6CB-4181-A77A-5804F0D005E2}.Release|Any CPU.Build.0 = Release|Any CPU
		{C6ED09F1-7F27-458B-9626-5601880EAF00}.Debug|Any CPU.ActiveCfg = Debug|Any CPU
		{C6ED09F1-7F27-458B-9626-5601880EAF00}.Debug|Any CPU.Build.0 = Debug|Any CPU
		{C6ED09F1-7F27-458B-9626-5601880EAF00}.Release|Any CPU.ActiveCfg = Release|Any CPU
		{C6ED09F1-7F27-458B-9626-5601880EAF00}.Release|Any CPU.Build.0 = Release|Any CPU
		{362AB131-17BC-40C3-ACC4-E0D4FEACDA8E}.Debug|Any CPU.ActiveCfg = Debug|Any CPU
		{362AB131-17BC-40C3-ACC4-E0D4FEACDA8E}.Debug|Any CPU.Build.0 = Debug|Any CPU
		{362AB131-17BC-40C3-ACC4-E0D4FEACDA8E}.Release|Any CPU.ActiveCfg = Release|Any CPU
		{362AB131-17BC-40C3-ACC4-E0D4FEACDA8E}.Release|Any CPU.Build.0 = Release|Any CPU
		{94F61351-7257-47F8-A2D1-D0B6BADF6E9A}.Debug|Any CPU.ActiveCfg = Debug|Any CPU
		{94F61351-7257-47F8-A2D1-D0B6BADF6E9A}.Debug|Any CPU.Build.0 = Debug|Any CPU
		{94F61351-7257-47F8-A2D1-D0B6BADF6E9A}.Release|Any CPU.ActiveCfg = Release|Any CPU
		{94F61351-7257-47F8-A2D1-D0B6BADF6E9A}.Release|Any CPU.Build.0 = Release|Any CPU
		{9608073A-EE85-4935-AEA9-9745EB303F5F}.Debug|Any CPU.ActiveCfg = Debug|Any CPU
		{9608073A-EE85-4935-AEA9-9745EB303F5F}.Debug|Any CPU.Build.0 = Debug|Any CPU
		{9608073A-EE85-4935-AEA9-9745EB303F5F}.Release|Any CPU.ActiveCfg = Release|Any CPU
		{9608073A-EE85-4935-AEA9-9745EB303F5F}.Release|Any CPU.Build.0 = Release|Any CPU
		{216AB5DE-D1DF-4CDF-9DE1-65E84572AE45}.Debug|Any CPU.ActiveCfg = Debug|Any CPU
		{216AB5DE-D1DF-4CDF-9DE1-65E84572AE45}.Debug|Any CPU.Build.0 = Debug|Any CPU
		{216AB5DE-D1DF-4CDF-9DE1-65E84572AE45}.Release|Any CPU.ActiveCfg = Release|Any CPU
		{216AB5DE-D1DF-4CDF-9DE1-65E84572AE45}.Release|Any CPU.Build.0 = Release|Any CPU
		{7E6E05B7-2370-4B68-A62B-AF561CBAD507}.Debug|Any CPU.ActiveCfg = Debug|Any CPU
		{7E6E05B7-2370-4B68-A62B-AF561CBAD507}.Debug|Any CPU.Build.0 = Debug|Any CPU
		{7E6E05B7-2370-4B68-A62B-AF561CBAD507}.Release|Any CPU.ActiveCfg = Release|Any CPU
		{7E6E05B7-2370-4B68-A62B-AF561CBAD507}.Release|Any CPU.Build.0 = Release|Any CPU
		{116D5AFD-3E00-4FD6-8792-6983017649C2}.Debug|Any CPU.ActiveCfg = Debug|Any CPU
		{116D5AFD-3E00-4FD6-8792-6983017649C2}.Debug|Any CPU.Build.0 = Debug|Any CPU
		{116D5AFD-3E00-4FD6-8792-6983017649C2}.Release|Any CPU.ActiveCfg = Release|Any CPU
		{116D5AFD-3E00-4FD6-8792-6983017649C2}.Release|Any CPU.Build.0 = Release|Any CPU
		{BED91D67-1AD5-4E5B-8DA0-F6CD6D42BEC2}.Debug|Any CPU.ActiveCfg = Debug|Any CPU
		{BED91D67-1AD5-4E5B-8DA0-F6CD6D42BEC2}.Debug|Any CPU.Build.0 = Debug|Any CPU
		{BED91D67-1AD5-4E5B-8DA0-F6CD6D42BEC2}.Release|Any CPU.ActiveCfg = Release|Any CPU
		{BED91D67-1AD5-4E5B-8DA0-F6CD6D42BEC2}.Release|Any CPU.Build.0 = Release|Any CPU
		{34BB9427-B3F4-4BE6-8277-E7AF102C2B6E}.Debug|Any CPU.ActiveCfg = Debug|Any CPU
		{34BB9427-B3F4-4BE6-8277-E7AF102C2B6E}.Debug|Any CPU.Build.0 = Debug|Any CPU
		{34BB9427-B3F4-4BE6-8277-E7AF102C2B6E}.Release|Any CPU.ActiveCfg = Release|Any CPU
		{34BB9427-B3F4-4BE6-8277-E7AF102C2B6E}.Release|Any CPU.Build.0 = Release|Any CPU
		{C9DB9791-4970-4302-A7A2-AA23D8B43618}.Debug|Any CPU.ActiveCfg = Debug|Any CPU
		{C9DB9791-4970-4302-A7A2-AA23D8B43618}.Debug|Any CPU.Build.0 = Debug|Any CPU
		{C9DB9791-4970-4302-A7A2-AA23D8B43618}.Release|Any CPU.ActiveCfg = Release|Any CPU
		{C9DB9791-4970-4302-A7A2-AA23D8B43618}.Release|Any CPU.Build.0 = Release|Any CPU
		{813CD57A-7B59-4FDA-81A4-69AF8C1CFA93}.Debug|Any CPU.ActiveCfg = Debug|Any CPU
		{813CD57A-7B59-4FDA-81A4-69AF8C1CFA93}.Debug|Any CPU.Build.0 = Debug|Any CPU
		{813CD57A-7B59-4FDA-81A4-69AF8C1CFA93}.Release|Any CPU.ActiveCfg = Release|Any CPU
		{813CD57A-7B59-4FDA-81A4-69AF8C1CFA93}.Release|Any CPU.Build.0 = Release|Any CPU
		{FE02607D-5B91-408B-BB83-92D1488F09F7}.Debug|Any CPU.ActiveCfg = Debug|Any CPU
		{FE02607D-5B91-408B-BB83-92D1488F09F7}.Debug|Any CPU.Build.0 = Debug|Any CPU
		{FE02607D-5B91-408B-BB83-92D1488F09F7}.Release|Any CPU.ActiveCfg = Release|Any CPU
		{FE02607D-5B91-408B-BB83-92D1488F09F7}.Release|Any CPU.Build.0 = Release|Any CPU
		{150022D2-1BFD-4DA9-8AE9-A9A880D8B19E}.Debug|Any CPU.ActiveCfg = Debug|Any CPU
		{150022D2-1BFD-4DA9-8AE9-A9A880D8B19E}.Debug|Any CPU.Build.0 = Debug|Any CPU
		{150022D2-1BFD-4DA9-8AE9-A9A880D8B19E}.Release|Any CPU.ActiveCfg = Release|Any CPU
		{150022D2-1BFD-4DA9-8AE9-A9A880D8B19E}.Release|Any CPU.Build.0 = Release|Any CPU
		{1F2BF100-7701-47E9-A0D8-1AEBB32FC756}.Debug|Any CPU.ActiveCfg = Debug|Any CPU
		{1F2BF100-7701-47E9-A0D8-1AEBB32FC756}.Debug|Any CPU.Build.0 = Debug|Any CPU
		{1F2BF100-7701-47E9-A0D8-1AEBB32FC756}.Release|Any CPU.ActiveCfg = Release|Any CPU
		{1F2BF100-7701-47E9-A0D8-1AEBB32FC756}.Release|Any CPU.Build.0 = Release|Any CPU
		{72FD21B1-00F0-4235-B7EB-437ADF601AB3}.Debug|Any CPU.ActiveCfg = Debug|Any CPU
		{72FD21B1-00F0-4235-B7EB-437ADF601AB3}.Debug|Any CPU.Build.0 = Debug|Any CPU
		{72FD21B1-00F0-4235-B7EB-437ADF601AB3}.Release|Any CPU.ActiveCfg = Release|Any CPU
		{72FD21B1-00F0-4235-B7EB-437ADF601AB3}.Release|Any CPU.Build.0 = Release|Any CPU
		{CCFE43BE-8747-4705-BB5D-A9B5B47297C3}.Debug|Any CPU.ActiveCfg = Debug|Any CPU
		{CCFE43BE-8747-4705-BB5D-A9B5B47297C3}.Debug|Any CPU.Build.0 = Debug|Any CPU
		{CCFE43BE-8747-4705-BB5D-A9B5B47297C3}.Release|Any CPU.ActiveCfg = Release|Any CPU
		{CCFE43BE-8747-4705-BB5D-A9B5B47297C3}.Release|Any CPU.Build.0 = Release|Any CPU
		{6A626962-EDB1-45C9-B03F-726A0E933258}.Debug|Any CPU.ActiveCfg = Debug|Any CPU
		{6A626962-EDB1-45C9-B03F-726A0E933258}.Debug|Any CPU.Build.0 = Debug|Any CPU
		{6A626962-EDB1-45C9-B03F-726A0E933258}.Release|Any CPU.ActiveCfg = Release|Any CPU
		{6A626962-EDB1-45C9-B03F-726A0E933258}.Release|Any CPU.Build.0 = Release|Any CPU
		{90E0D671-4A55-4DBA-BDCB-FFC83425CFA3}.Debug|Any CPU.ActiveCfg = Debug|Any CPU
		{90E0D671-4A55-4DBA-BDCB-FFC83425CFA3}.Debug|Any CPU.Build.0 = Debug|Any CPU
		{90E0D671-4A55-4DBA-BDCB-FFC83425CFA3}.Release|Any CPU.ActiveCfg = Release|Any CPU
		{90E0D671-4A55-4DBA-BDCB-FFC83425CFA3}.Release|Any CPU.Build.0 = Release|Any CPU
		{B4574F42-4779-4D6F-9E21-A6A3CDFC6709}.Debug|Any CPU.ActiveCfg = Debug|Any CPU
		{B4574F42-4779-4D6F-9E21-A6A3CDFC6709}.Debug|Any CPU.Build.0 = Debug|Any CPU
		{B4574F42-4779-4D6F-9E21-A6A3CDFC6709}.Release|Any CPU.ActiveCfg = Release|Any CPU
		{B4574F42-4779-4D6F-9E21-A6A3CDFC6709}.Release|Any CPU.Build.0 = Release|Any CPU
		{6C782282-ECCD-4B4E-AD79-57FE7C5C2F42}.Debug|Any CPU.ActiveCfg = Debug|Any CPU
		{6C782282-ECCD-4B4E-AD79-57FE7C5C2F42}.Debug|Any CPU.Build.0 = Debug|Any CPU
		{6C782282-ECCD-4B4E-AD79-57FE7C5C2F42}.Release|Any CPU.ActiveCfg = Release|Any CPU
		{6C782282-ECCD-4B4E-AD79-57FE7C5C2F42}.Release|Any CPU.Build.0 = Release|Any CPU
		{4979B2FB-D7E6-4F11-976F-D8068EE175ED}.Debug|Any CPU.ActiveCfg = Debug|Any CPU
		{4979B2FB-D7E6-4F11-976F-D8068EE175ED}.Debug|Any CPU.Build.0 = Debug|Any CPU
		{4979B2FB-D7E6-4F11-976F-D8068EE175ED}.Release|Any CPU.ActiveCfg = Release|Any CPU
		{4979B2FB-D7E6-4F11-976F-D8068EE175ED}.Release|Any CPU.Build.0 = Release|Any CPU
		{3867C73E-E8BA-41EB-8EFC-EE0C09F8DE57}.Debug|Any CPU.ActiveCfg = Debug|Any CPU
		{3867C73E-E8BA-41EB-8EFC-EE0C09F8DE57}.Debug|Any CPU.Build.0 = Debug|Any CPU
		{3867C73E-E8BA-41EB-8EFC-EE0C09F8DE57}.Release|Any CPU.ActiveCfg = Release|Any CPU
		{3867C73E-E8BA-41EB-8EFC-EE0C09F8DE57}.Release|Any CPU.Build.0 = Release|Any CPU
		{96FAB9F7-16F8-4EF3-AED2-1920D08AAB8D}.Debug|Any CPU.ActiveCfg = Debug|Any CPU
		{96FAB9F7-16F8-4EF3-AED2-1920D08AAB8D}.Debug|Any CPU.Build.0 = Debug|Any CPU
		{96FAB9F7-16F8-4EF3-AED2-1920D08AAB8D}.Release|Any CPU.ActiveCfg = Release|Any CPU
		{96FAB9F7-16F8-4EF3-AED2-1920D08AAB8D}.Release|Any CPU.Build.0 = Release|Any CPU
		{B965B588-3F3D-4725-92BC-F0BA4577E29F}.Debug|Any CPU.ActiveCfg = Debug|Any CPU
		{B965B588-3F3D-4725-92BC-F0BA4577E29F}.Debug|Any CPU.Build.0 = Debug|Any CPU
		{B965B588-3F3D-4725-92BC-F0BA4577E29F}.Release|Any CPU.ActiveCfg = Release|Any CPU
		{B965B588-3F3D-4725-92BC-F0BA4577E29F}.Release|Any CPU.Build.0 = Release|Any CPU
		{A22B3A1B-EAF2-493F-A893-F8578822140A}.Debug|Any CPU.ActiveCfg = Debug|Any CPU
		{A22B3A1B-EAF2-493F-A893-F8578822140A}.Debug|Any CPU.Build.0 = Debug|Any CPU
		{A22B3A1B-EAF2-493F-A893-F8578822140A}.Release|Any CPU.ActiveCfg = Release|Any CPU
		{A22B3A1B-EAF2-493F-A893-F8578822140A}.Release|Any CPU.Build.0 = Release|Any CPU
		{F6B31147-9B33-45B3-A468-CB104945DBD9}.Debug|Any CPU.ActiveCfg = Debug|Any CPU
		{F6B31147-9B33-45B3-A468-CB104945DBD9}.Debug|Any CPU.Build.0 = Debug|Any CPU
		{F6B31147-9B33-45B3-A468-CB104945DBD9}.Release|Any CPU.ActiveCfg = Release|Any CPU
		{F6B31147-9B33-45B3-A468-CB104945DBD9}.Release|Any CPU.Build.0 = Release|Any CPU
		{B6CAF769-7460-41DD-AA59-BC0D22DE88D2}.Debug|Any CPU.ActiveCfg = Debug|Any CPU
		{B6CAF769-7460-41DD-AA59-BC0D22DE88D2}.Debug|Any CPU.Build.0 = Debug|Any CPU
		{B6CAF769-7460-41DD-AA59-BC0D22DE88D2}.Release|Any CPU.ActiveCfg = Release|Any CPU
		{B6CAF769-7460-41DD-AA59-BC0D22DE88D2}.Release|Any CPU.Build.0 = Release|Any CPU
		{5C92F674-F11F-42AE-9D5D-263D6006A694}.Debug|Any CPU.ActiveCfg = Debug|Any CPU
		{5C92F674-F11F-42AE-9D5D-263D6006A694}.Debug|Any CPU.Build.0 = Debug|Any CPU
		{5C92F674-F11F-42AE-9D5D-263D6006A694}.Release|Any CPU.ActiveCfg = Release|Any CPU
		{5C92F674-F11F-42AE-9D5D-263D6006A694}.Release|Any CPU.Build.0 = Release|Any CPU
		{3D4ACE4D-C3E4-4A6B-971A-12822FCC6DC5}.Debug|Any CPU.ActiveCfg = Debug|Any CPU
		{3D4ACE4D-C3E4-4A6B-971A-12822FCC6DC5}.Debug|Any CPU.Build.0 = Debug|Any CPU
		{3D4ACE4D-C3E4-4A6B-971A-12822FCC6DC5}.Release|Any CPU.ActiveCfg = Release|Any CPU
		{3D4ACE4D-C3E4-4A6B-971A-12822FCC6DC5}.Release|Any CPU.Build.0 = Release|Any CPU
		{4F5ACB4C-F113-4EC3-B580-F234BA8586B8}.Debug|Any CPU.ActiveCfg = Debug|Any CPU
		{4F5ACB4C-F113-4EC3-B580-F234BA8586B8}.Debug|Any CPU.Build.0 = Debug|Any CPU
		{4F5ACB4C-F113-4EC3-B580-F234BA8586B8}.Release|Any CPU.ActiveCfg = Release|Any CPU
		{4F5ACB4C-F113-4EC3-B580-F234BA8586B8}.Release|Any CPU.Build.0 = Release|Any CPU
		{A47D9B03-C368-46D5-80A8-8A547A3DD86A}.Debug|Any CPU.ActiveCfg = Debug|Any CPU
		{A47D9B03-C368-46D5-80A8-8A547A3DD86A}.Debug|Any CPU.Build.0 = Debug|Any CPU
		{A47D9B03-C368-46D5-80A8-8A547A3DD86A}.Release|Any CPU.ActiveCfg = Release|Any CPU
		{A47D9B03-C368-46D5-80A8-8A547A3DD86A}.Release|Any CPU.Build.0 = Release|Any CPU
		{53A2C0FE-DA24-4303-8F7E-51C1B07C408D}.Debug|Any CPU.ActiveCfg = Debug|Any CPU
		{53A2C0FE-DA24-4303-8F7E-51C1B07C408D}.Debug|Any CPU.Build.0 = Debug|Any CPU
		{53A2C0FE-DA24-4303-8F7E-51C1B07C408D}.Release|Any CPU.ActiveCfg = Release|Any CPU
		{53A2C0FE-DA24-4303-8F7E-51C1B07C408D}.Release|Any CPU.Build.0 = Release|Any CPU
		{206BDF7C-3E26-4074-86DE-F9AA8E21BA42}.Debug|Any CPU.ActiveCfg = Debug|Any CPU
		{206BDF7C-3E26-4074-86DE-F9AA8E21BA42}.Debug|Any CPU.Build.0 = Debug|Any CPU
		{206BDF7C-3E26-4074-86DE-F9AA8E21BA42}.Release|Any CPU.ActiveCfg = Release|Any CPU
		{206BDF7C-3E26-4074-86DE-F9AA8E21BA42}.Release|Any CPU.Build.0 = Release|Any CPU
		{B3E02EF0-F689-4D05-8BB2-35671C928CF3}.Debug|Any CPU.ActiveCfg = Debug|Any CPU
		{B3E02EF0-F689-4D05-8BB2-35671C928CF3}.Debug|Any CPU.Build.0 = Debug|Any CPU
		{B3E02EF0-F689-4D05-8BB2-35671C928CF3}.Release|Any CPU.ActiveCfg = Release|Any CPU
		{B3E02EF0-F689-4D05-8BB2-35671C928CF3}.Release|Any CPU.Build.0 = Release|Any CPU
		{71B36A67-49B3-40EE-927D-00B54D6DED3C}.Debug|Any CPU.ActiveCfg = Debug|Any CPU
		{71B36A67-49B3-40EE-927D-00B54D6DED3C}.Debug|Any CPU.Build.0 = Debug|Any CPU
		{71B36A67-49B3-40EE-927D-00B54D6DED3C}.Release|Any CPU.ActiveCfg = Release|Any CPU
		{71B36A67-49B3-40EE-927D-00B54D6DED3C}.Release|Any CPU.Build.0 = Release|Any CPU
		{DC037D16-E52F-4D2A-B08A-02D7B55EB059}.Debug|Any CPU.ActiveCfg = Debug|Any CPU
		{DC037D16-E52F-4D2A-B08A-02D7B55EB059}.Debug|Any CPU.Build.0 = Debug|Any CPU
		{DC037D16-E52F-4D2A-B08A-02D7B55EB059}.Release|Any CPU.ActiveCfg = Release|Any CPU
		{DC037D16-E52F-4D2A-B08A-02D7B55EB059}.Release|Any CPU.Build.0 = Release|Any CPU
		{A0E0C131-A420-4F18-AC83-904A29DB4023}.Debug|Any CPU.ActiveCfg = Debug|Any CPU
		{A0E0C131-A420-4F18-AC83-904A29DB4023}.Debug|Any CPU.Build.0 = Debug|Any CPU
		{A0E0C131-A420-4F18-AC83-904A29DB4023}.Release|Any CPU.ActiveCfg = Release|Any CPU
		{A0E0C131-A420-4F18-AC83-904A29DB4023}.Release|Any CPU.Build.0 = Release|Any CPU
		{A799A0C5-B16F-4D91-A54E-4B4EF1496598}.Debug|Any CPU.ActiveCfg = Debug|Any CPU
		{A799A0C5-B16F-4D91-A54E-4B4EF1496598}.Debug|Any CPU.Build.0 = Debug|Any CPU
		{A799A0C5-B16F-4D91-A54E-4B4EF1496598}.Release|Any CPU.ActiveCfg = Release|Any CPU
		{A799A0C5-B16F-4D91-A54E-4B4EF1496598}.Release|Any CPU.Build.0 = Release|Any CPU
		{35E5EA31-9859-4882-BF89-ABA3FAB3CF92}.Debug|Any CPU.ActiveCfg = Debug|Any CPU
		{35E5EA31-9859-4882-BF89-ABA3FAB3CF92}.Debug|Any CPU.Build.0 = Debug|Any CPU
		{35E5EA31-9859-4882-BF89-ABA3FAB3CF92}.Release|Any CPU.ActiveCfg = Release|Any CPU
		{35E5EA31-9859-4882-BF89-ABA3FAB3CF92}.Release|Any CPU.Build.0 = Release|Any CPU
		{565E55B8-7353-4D7B-81FF-C89A66B7D694}.Debug|Any CPU.ActiveCfg = Debug|Any CPU
		{565E55B8-7353-4D7B-81FF-C89A66B7D694}.Debug|Any CPU.Build.0 = Debug|Any CPU
		{565E55B8-7353-4D7B-81FF-C89A66B7D694}.Release|Any CPU.ActiveCfg = Release|Any CPU
		{565E55B8-7353-4D7B-81FF-C89A66B7D694}.Release|Any CPU.Build.0 = Release|Any CPU
		{88A75FDB-25CD-4E92-8FAF-FDC30666235F}.Debug|Any CPU.ActiveCfg = Debug|Any CPU
		{88A75FDB-25CD-4E92-8FAF-FDC30666235F}.Debug|Any CPU.Build.0 = Debug|Any CPU
		{88A75FDB-25CD-4E92-8FAF-FDC30666235F}.Release|Any CPU.ActiveCfg = Release|Any CPU
		{88A75FDB-25CD-4E92-8FAF-FDC30666235F}.Release|Any CPU.Build.0 = Release|Any CPU
		{4B92FE42-6269-4CB8-96D0-B4CE0896D7FC}.Debug|Any CPU.ActiveCfg = Debug|Any CPU
		{4B92FE42-6269-4CB8-96D0-B4CE0896D7FC}.Debug|Any CPU.Build.0 = Debug|Any CPU
		{4B92FE42-6269-4CB8-96D0-B4CE0896D7FC}.Release|Any CPU.ActiveCfg = Release|Any CPU
		{4B92FE42-6269-4CB8-96D0-B4CE0896D7FC}.Release|Any CPU.Build.0 = Release|Any CPU
	EndGlobalSection
	GlobalSection(SolutionProperties) = preSolution
		HideSolutionNode = FALSE
	EndGlobalSection
	GlobalSection(NestedProjects) = preSolution
		{FEAEE086-7F6C-46B6-9FCB-F0ED62917EF3} = {173C82F6-94A7-4203-A163-872C09ACE128}
		{BD7B21ED-1ACD-48F6-A541-467E20AD0E41} = {60ED376C-EF1A-460D-A04E-E2D307FF49FE}
		{E6EFEBC1-B4FD-4F36-8191-294F0182ED15} = {60ED376C-EF1A-460D-A04E-E2D307FF49FE}
		{D1572A8D-00E4-4104-982B-58222C3DB801} = {60ED376C-EF1A-460D-A04E-E2D307FF49FE}
		{10D691B8-1BE3-4D6C-BC86-0E09B50FEDCE} = {60ED376C-EF1A-460D-A04E-E2D307FF49FE}
		{0826E2A6-9D35-4D9F-8DD2-698C2E4C4B69} = {B9E1A76F-C822-45A3-9F9A-8A61FD62BC29}
		{9B0BC723-50B3-483C-BBE3-5E0D2764CDED} = {B9E1A76F-C822-45A3-9F9A-8A61FD62BC29}
		{B2FCFA47-3E3E-4531-ACF6-2EC7579C1611} = {B9E1A76F-C822-45A3-9F9A-8A61FD62BC29}
		{2F2F1310-18B7-4213-B72D-171222AC6B4E} = {B9E1A76F-C822-45A3-9F9A-8A61FD62BC29}
		{1FCB22FA-332F-4CA2-8515-4E06056B8A07} = {B9E1A76F-C822-45A3-9F9A-8A61FD62BC29}
		{B6D06BB2-F873-4BF5-9387-48CF49ACF87A} = {B9E1A76F-C822-45A3-9F9A-8A61FD62BC29}
		{EAD5CCED-507D-4B91-9BD0-375E1B780C70} = {B9E1A76F-C822-45A3-9F9A-8A61FD62BC29}
		{0E612CE5-40E5-451C-95EA-516A2B6FA954} = {3E1ECB4C-8773-4CAA-9B81-5A0F81B70AD7}
		{F8F5D034-8F6F-4B8B-9135-C4C5B086B03D} = {3E1ECB4C-8773-4CAA-9B81-5A0F81B70AD7}
		{624FBFC6-4D4E-4EF3-8C08-5F2E42C9375A} = {3E1ECB4C-8773-4CAA-9B81-5A0F81B70AD7}
		{D0470B03-CB40-4B71-85B2-E8D2F23C7610} = {3E1ECB4C-8773-4CAA-9B81-5A0F81B70AD7}
		{86B40CDE-89C0-4B40-AE9B-95B192B53C5B} = {3E1ECB4C-8773-4CAA-9B81-5A0F81B70AD7}
		{764C10FA-D344-4A9F-93FF-8D1C8193932B} = {3E1ECB4C-8773-4CAA-9B81-5A0F81B70AD7}
		{B0D27F39-883D-4E0E-AE01-A2AB737CACC9} = {3E1ECB4C-8773-4CAA-9B81-5A0F81B70AD7}
		{41F2C52B-4014-4B32-BFDC-0240AEFF7464} = {54ED3781-4947-49F1-90BB-73A7E9A7DE13}
		{58466390-A6CB-4181-A77A-5804F0D005E2} = {54ED3781-4947-49F1-90BB-73A7E9A7DE13}
		{C6ED09F1-7F27-458B-9626-5601880EAF00} = {54ED3781-4947-49F1-90BB-73A7E9A7DE13}
		{362AB131-17BC-40C3-ACC4-E0D4FEACDA8E} = {54ED3781-4947-49F1-90BB-73A7E9A7DE13}
		{94F61351-7257-47F8-A2D1-D0B6BADF6E9A} = {76F58B97-B94E-4DB7-A562-337E510F78E2}
		{9608073A-EE85-4935-AEA9-9745EB303F5F} = {76F58B97-B94E-4DB7-A562-337E510F78E2}
		{216AB5DE-D1DF-4CDF-9DE1-65E84572AE45} = {793E9E71-BF7E-49EF-9DC8-B50DC6A82BC0}
		{7E6E05B7-2370-4B68-A62B-AF561CBAD507} = {793E9E71-BF7E-49EF-9DC8-B50DC6A82BC0}
		{116D5AFD-3E00-4FD6-8792-6983017649C2} = {F207F20C-C628-4DFE-BCBA-F4BAFC159BB8}
		{BED91D67-1AD5-4E5B-8DA0-F6CD6D42BEC2} = {F207F20C-C628-4DFE-BCBA-F4BAFC159BB8}
		{34BB9427-B3F4-4BE6-8277-E7AF102C2B6E} = {F207F20C-C628-4DFE-BCBA-F4BAFC159BB8}
		{C9DB9791-4970-4302-A7A2-AA23D8B43618} = {18D138EF-F601-44D7-B91C-D7A9C16AA6FE}
		{813CD57A-7B59-4FDA-81A4-69AF8C1CFA93} = {18D138EF-F601-44D7-B91C-D7A9C16AA6FE}
		{FE02607D-5B91-408B-BB83-92D1488F09F7} = {18D138EF-F601-44D7-B91C-D7A9C16AA6FE}
		{150022D2-1BFD-4DA9-8AE9-A9A880D8B19E} = {18D138EF-F601-44D7-B91C-D7A9C16AA6FE}
		{1F2BF100-7701-47E9-A0D8-1AEBB32FC756} = {FC7D4A6D-8BF7-4FA2-BE8A-F5438C9E2473}
		{72FD21B1-00F0-4235-B7EB-437ADF601AB3} = {FC7D4A6D-8BF7-4FA2-BE8A-F5438C9E2473}
		{CCFE43BE-8747-4705-BB5D-A9B5B47297C3} = {FC7D4A6D-8BF7-4FA2-BE8A-F5438C9E2473}
		{6A626962-EDB1-45C9-B03F-726A0E933258} = {FC7D4A6D-8BF7-4FA2-BE8A-F5438C9E2473}
		{90E0D671-4A55-4DBA-BDCB-FFC83425CFA3} = {FC7D4A6D-8BF7-4FA2-BE8A-F5438C9E2473}
		{B4574F42-4779-4D6F-9E21-A6A3CDFC6709} = {4604932B-44D8-44A4-83EE-AF4CFAD23C7C}
		{6C782282-ECCD-4B4E-AD79-57FE7C5C2F42} = {FCD58345-2D76-4BDE-8EC9-2767100C5049}
		{4979B2FB-D7E6-4F11-976F-D8068EE175ED} = {FCD58345-2D76-4BDE-8EC9-2767100C5049}
		{3867C73E-E8BA-41EB-8EFC-EE0C09F8DE57} = {FCD58345-2D76-4BDE-8EC9-2767100C5049}
		{96FAB9F7-16F8-4EF3-AED2-1920D08AAB8D} = {FCD58345-2D76-4BDE-8EC9-2767100C5049}
		{B965B588-3F3D-4725-92BC-F0BA4577E29F} = {74142DD4-016C-436C-9FD3-9E5DDA986B52}
		{A22B3A1B-EAF2-493F-A893-F8578822140A} = {74142DD4-016C-436C-9FD3-9E5DDA986B52}
		{F6B31147-9B33-45B3-A468-CB104945DBD9} = {A4244AE8-085E-4B86-8DD1-9C2501CF63E8}
		{B6CAF769-7460-41DD-AA59-BC0D22DE88D2} = {A4244AE8-085E-4B86-8DD1-9C2501CF63E8}
		{5C92F674-F11F-42AE-9D5D-263D6006A694} = {A4244AE8-085E-4B86-8DD1-9C2501CF63E8}
		{3D4ACE4D-C3E4-4A6B-971A-12822FCC6DC5} = {A4244AE8-085E-4B86-8DD1-9C2501CF63E8}
		{4F5ACB4C-F113-4EC3-B580-F234BA8586B8} = {A4244AE8-085E-4B86-8DD1-9C2501CF63E8}
		{A47D9B03-C368-46D5-80A8-8A547A3DD86A} = {EE982B4C-202A-44FF-B617-9B2A072A921B}
		{53A2C0FE-DA24-4303-8F7E-51C1B07C408D} = {EE982B4C-202A-44FF-B617-9B2A072A921B}
		{206BDF7C-3E26-4074-86DE-F9AA8E21BA42} = {EE982B4C-202A-44FF-B617-9B2A072A921B}
		{B3E02EF0-F689-4D05-8BB2-35671C928CF3} = {5EFEBCC5-3A80-4A71-9883-996D9FC14FCA}
		{71B36A67-49B3-40EE-927D-00B54D6DED3C} = {5EFEBCC5-3A80-4A71-9883-996D9FC14FCA}
		{DC037D16-E52F-4D2A-B08A-02D7B55EB059} = {5EFEBCC5-3A80-4A71-9883-996D9FC14FCA}
		{A0E0C131-A420-4F18-AC83-904A29DB4023} = {5EFEBCC5-3A80-4A71-9883-996D9FC14FCA}
		{A799A0C5-B16F-4D91-A54E-4B4EF1496598} = {5EFEBCC5-3A80-4A71-9883-996D9FC14FCA}
		{35E5EA31-9859-4882-BF89-ABA3FAB3CF92} = {5EFEBCC5-3A80-4A71-9883-996D9FC14FCA}
		{565E55B8-7353-4D7B-81FF-C89A66B7D694} = {5D83A9C2-23B2-480B-9624-C75E6B7A9BAA}
		{88A75FDB-25CD-4E92-8FAF-FDC30666235F} = {5D83A9C2-23B2-480B-9624-C75E6B7A9BAA}
		{4B92FE42-6269-4CB8-96D0-B4CE0896D7FC} = {5D83A9C2-23B2-480B-9624-C75E6B7A9BAA}
	EndGlobalSection
	GlobalSection(ExtensibilityGlobals) = postSolution
		SolutionGuid = {128A84ED-492B-4A2C-9140-BA298B30925E}
	EndGlobalSection
EndGlobal
